
Microsoft Visual Studio Solution File, Format Version 12.00
# Visual Studio Version 16
VisualStudioVersion = 16.0.28803.202
MinimumVisualStudioVersion = 10.0.40219.1
Project("{8BC9CEB8-8B4A-11D0-8D11-00A0C91BC942}") = "BeatQuestModder", "BeatQuestModder\BeatQuestModder.vcxproj", "{BFDA6071-4EAC-405B-AEE8-56E39C1C8B30}"
EndProject
Project("{9A19103F-16F7-4668-BE54-9A1E7A4F7556}") = "Il2CppInvoker", "Il2CppInvoker\Il2CppInvoker.csproj", "{0D26C498-3738-4443-BAA9-50C2CEA503CA}"
EndProject
Project("{2150E333-8FDC-42A3-9474-1A3956D46DE8}") = "il2cpp Generation", "il2cpp Generation", "{0675457B-71D6-4110-9BC8-23E003D6DC87}"
EndProject
Global
	GlobalSection(SolutionConfigurationPlatforms) = preSolution
		Debug|Any CPU = Debug|Any CPU
		Debug|x64 = Debug|x64
		Release|Any CPU = Release|Any CPU
		Release|x64 = Release|x64
	EndGlobalSection
	GlobalSection(ProjectConfigurationPlatforms) = postSolution
		{BFDA6071-4EAC-405B-AEE8-56E39C1C8B30}.Debug|Any CPU.ActiveCfg = Debug|x64
		{BFDA6071-4EAC-405B-AEE8-56E39C1C8B30}.Debug|x64.ActiveCfg = Debug|x64
		{BFDA6071-4EAC-405B-AEE8-56E39C1C8B30}.Debug|x64.Build.0 = Debug|x64
		{BFDA6071-4EAC-405B-AEE8-56E39C1C8B30}.Release|Any CPU.ActiveCfg = Release|x64
		{BFDA6071-4EAC-405B-AEE8-56E39C1C8B30}.Release|x64.ActiveCfg = Release|x64
		{BFDA6071-4EAC-405B-AEE8-56E39C1C8B30}.Release|x64.Build.0 = Release|x64
		{0D26C498-3738-4443-BAA9-50C2CEA503CA}.Debug|Any CPU.ActiveCfg = Debug|Any CPU
		{0D26C498-3738-4443-BAA9-50C2CEA503CA}.Debug|Any CPU.Build.0 = Debug|Any CPU
		{0D26C498-3738-4443-BAA9-50C2CEA503CA}.Debug|x64.ActiveCfg = Debug|Any CPU
		{0D26C498-3738-4443-BAA9-50C2CEA503CA}.Debug|x64.Build.0 = Debug|Any CPU
		{0D26C498-3738-4443-BAA9-50C2CEA503CA}.Release|Any CPU.ActiveCfg = Release|Any CPU
		{0D26C498-3738-4443-BAA9-50C2CEA503CA}.Release|Any CPU.Build.0 = Release|Any CPU
		{0D26C498-3738-4443-BAA9-50C2CEA503CA}.Release|x64.ActiveCfg = Release|Any CPU
		{0D26C498-3738-4443-BAA9-50C2CEA503CA}.Release|x64.Build.0 = Release|Any CPU
	EndGlobalSection
	GlobalSection(SolutionProperties) = preSolution
		HideSolutionNode = FALSE
	EndGlobalSection
	GlobalSection(NestedProjects) = preSolution
		{0D26C498-3738-4443-BAA9-50C2CEA503CA} = {0675457B-71D6-4110-9BC8-23E003D6DC87}
	EndGlobalSection
	GlobalSection(ExtensibilityGlobals) = postSolution
		SolutionGuid = {05D4CC6C-0199-4E86-A140-1F4074C75AE5}
	EndGlobalSection
EndGlobal
